# THIS IS AN AUTOGENERATED FILE. DO NOT EDIT THIS FILE DIRECTLY.
assets/ajax-cart.js.liquid:
  development: 2018-06-08T07:13:48-04:00   5089d437026dde38c1918ea91324d35a
assets/app.js:
  development: 2018-06-13T03:22:08-04:00   2ccd7e9e79515e7491df1a07d8db93ad
assets/buddha-megamenu.css:
  development: 2018-06-08T07:19:45-04:00   bf12f2abc75ff5248b9f9d1c2158da2a
assets/buddha-megamenu.js.liquid:
  development: 2018-06-08T07:19:53-04:00   b188df01c28a6a0b65bee47f9690bcb4
assets/fastclick.min.js:
  development: 2018-06-08T07:13:48-04:00   4c68290ccc4d503561895dff0821621f
assets/favicon.png:
  development: 2018-06-10T03:28:26-04:00   7d8e9d93b35cc6487ad6004c85ad09d8
assets/flag-US.svg:
  development: 2018-06-10T01:00:31-04:00   165b5a718f7b1e3fd095ae19261ac26e
assets/gift-card.scss.liquid:
  development: 2018-06-08T07:13:48-04:00   c4d99d6414af35760c5112b609962e87
assets/global-maujim.css:
  development: 2018-06-08T09:14:45-04:00   6977932c8c3c4199ec81ab5a714314a6
assets/global-maujim.scss:
  development: 2018-06-08T09:51:47-04:00   603f1b7daf201ff77c359e7d21cce0a5
assets/handlebars.min.js:
  development: 2018-06-08T07:13:48-04:00   b3c11508a224ee83f86e2fc6491e9751
assets/header.scss:
  development: 2018-06-08T09:14:44-04:00   fae9bc8c8f98b812b190d9e6e740f81c
assets/ico-select.svg.liquid:
  development: 2018-06-08T07:13:48-04:00   9c9cc5a57cc74a0a64c2f62b1370a920
assets/icon-close2.svg:
  development: 2018-06-10T00:54:31-04:00   ae75053d4dfed41a23dbe358868bcae2
assets/icon-search.svg:
  development: 2018-06-10T01:02:34-04:00   eda0d27e17ff5850570afeb2b2b2be83
assets/icons.eot:
  development: 2018-06-08T07:13:48-04:00   6499aa740322bffbb6e26ebadf450c4a
assets/icons.json:
  development: 2018-06-08T07:13:48-04:00   6f9018585c3e215e29cef8e390091787
assets/icons.svg:
  development: 2018-06-08T07:13:48-04:00   1f568afd815839eae6eb796a52a497a6
assets/icons.ttf:
  development: 2018-06-08T07:13:48-04:00   0678272006d7b08a523ae6973a72d181
assets/icons.woff:
  development: 2018-06-08T07:13:48-04:00   6d64bee3b4d239a6cf6af98045a95954
assets/logo.png:
  development: 2018-06-08T09:18:54-04:00   3f0d22e347b10a1c405ce1e1d357d971
assets/mauijim-brand-logo-small-white.png:
  development: 2018-06-10T02:42:16-04:00   5dbe7c32c9a4ed384f486af1a51cc60f
assets/mj-custom.scss.liquid:
  development: 2018-06-13T02:45:26-04:00
assets/modernizr.min.js:
  development: 2018-06-08T07:13:48-04:00   dc21cffad945a84cbbe770d52b1a0ded
assets/pattern-dark.jpg:
  development: 2018-06-08T09:51:46-04:00   e7d4fd9300547cdd4379a78e356cde06
assets/pattern-wood-large.jpg:
  development: 2018-06-10T02:39:02-04:00   42b8199f1300c86a4949972cb637a1d2
assets/pattern-wood-max.jpg:
  development: 2018-06-10T02:39:30-04:00   0a2177b5cf15d1c33b3f3dc0ca10fa1f
assets/pattern-wood-medium.jpg:
  development: 2018-06-10T02:38:50-04:00   ddc7369c7ffc4e282ad0e94890b9ea5f
assets/pattern-wood-xlarge.jpg:
  development: 2018-06-10T02:23:36-04:00   4b40c6c329d295203c1da9d9464c6723
assets/respond-proxy.html:
  development: 2018-06-08T07:13:49-04:00   75002d74a330bff6bf069284da503b4c
assets/respond.min.js:
  development: 2018-06-08T07:13:49-04:00   a2684e9b8fa50d6d11c56a9ada068528
assets/timber.js.liquid:
  development: 2018-06-08T07:13:49-04:00   8663e17d15e94386b5d6fb7c3e44b0bf
assets/timber.scss.liquid:
  development: 2018-06-10T02:40:57-04:00   1a9da7165f5e7eaec146612eaedc9409
assets/united_states.svg:
  development: 2018-06-09T05:38:51-04:00   165b5a718f7b1e3fd095ae19261ac26e
config/settings_data.json:
  development: 2018-06-13T05:51:26-04:00   3018e5fca43a905dcc6befbbdc72bd08
config/settings_schema.json:
  development: 2018-06-08T07:13:51-04:00   4de50d8b26c23ea835a23162e448572d
layout/theme.liquid:
  development: 2018-06-13T03:22:59-04:00   37d4d0d27638619a603724e7d5c5bac6
locales/de.json:
  development: 2018-06-08T07:13:49-04:00   585899bd4424d43afa93b72083a5aa0e
locales/en.default.json:
  development: 2018-06-08T07:13:49-04:00   0a791f30da40a2af3f9b331f7d3ec7fe
locales/es.json:
  development: 2018-06-08T07:13:49-04:00   e1095d0bd282d98ace9c18e5973bb6bf
locales/fr.json:
  development: 2018-06-08T07:13:49-04:00   95311e190dd74a4665d004f60dda8ad2
locales/pt-BR.json:
  development: 2018-06-08T07:13:49-04:00   3bc832b43077ef1681f2fe4be3eda8c9
locales/pt-PT.json:
  development: 2018-06-08T07:13:49-04:00   6ddf443592f389ff55aa739569736f47
sections/footer.liquid:
  development: 2018-06-11T04:03:12-04:00   b713a0859bca16dee651565ccbbdb13d
sections/single-image-banner.liquid:
  development: 2018-06-13T08:26:32-04:00   b06b2307a2ae31b45f6e0dc954360cd1
sections/topbar.liquid:
  development: 2018-06-13T03:42:14-04:00   682b2fc0b9b69dea473e89791a9e1d8c
snippets/ajax-cart-template.liquid:
  development: 2018-06-08T07:13:49-04:00   e6fa15367ab47a164d9dc8e47353c684
snippets/blog-sidebar.liquid:
  development: 2018-06-08T07:13:49-04:00   ae3891e372509ded7074e50b2a97f438
snippets/breadcrumb.liquid:
  development: 2018-06-08T07:13:49-04:00   7bf89ebc6f2f46288fa59aa305a42514
snippets/buddha-megamenu-before.liquid:
  development: 2018-06-08T07:19:43-04:00   7215ee9c7d9dc229d2921a40e899ec5f
snippets/buddha-megamenu-wireframe.liquid:
  development: 2018-06-08T07:19:48-04:00   d96b6155d1b9a10a76808c330168e21c
snippets/buddha-megamenu.liquid:
  development: 2018-06-08T07:19:50-04:00   20be29ccc7c35b1e5ef24ae59d9bc410
snippets/collection-sidebar.liquid:
  development: 2018-06-08T07:13:49-04:00   b53274904cf2b47ce2fb4c3e6d632bb3
snippets/collection-sorting.liquid:
  development: 2018-06-08T07:13:49-04:00   d369d2d4697110800946220909e8ecf8
snippets/comment.liquid:
  development: 2018-06-08T07:13:50-04:00   c766e42be8a74e05533d0e5a0e3a9ce3
snippets/mj-footer.liquid:
  development: 2018-06-10T03:06:43-04:00   101fc1d7c9a847899ad3fe2754203e94
snippets/mj-header.liquid:
  development: 2018-06-10T04:18:06-04:00   c8fc48efc1b96c0c129d4eb4fed1f7a7
snippets/oldIE-js.liquid:
  development: 2018-06-08T07:13:50-04:00   1197cc7109944206a600ed5caaef6a6f
snippets/onboarding-empty-collection.liquid:
  development: 2018-06-08T07:13:50-04:00   b25d81b4ba1c3e279fa58a5aade16b43
snippets/onboarding-featured-collections.liquid:
  development: 2018-06-08T07:13:50-04:00   63d3e42eb5e78f32bdd7d7bb96c2aa81
snippets/onboarding-featured-products.liquid:
  development: 2018-06-08T07:13:50-04:00   6a32fc5786e0f1dc98a1f75897fca8b3
snippets/product-grid-item.liquid:
  development: 2018-06-08T07:13:50-04:00   5c056a854988fba46c535845cd5aeba1
snippets/respond.liquid:
  development: 2018-06-08T07:13:50-04:00   ca6abf0635dc2ad8c6bd377f83c79f6b
snippets/search-bar.liquid:
  development: 2018-06-08T07:13:50-04:00   733af687725a8174f1348c58f0d5a3e4
snippets/social-meta-tags.liquid:
  development: 2018-06-08T07:13:50-04:00   e7c97d7cb76c7925dd144dfb7b188cac
snippets/tags-article.liquid:
  development: 2018-06-08T07:13:50-04:00   52bc59a44a51be2f1745559c2ba514a2
templates/404.liquid:
  development: 2018-06-08T07:13:50-04:00   44a6b0129de575e7085a047bc2096a76
templates/article.liquid:
  development: 2018-06-08T07:13:50-04:00   ff67120cd7978f6390cdb79827f34d02
templates/blog.liquid:
  development: 2018-06-08T07:13:50-04:00   2d2ff4bd1bf2ef7ce2b889d6a95c6f74
templates/cart.liquid:
  development: 2018-06-08T07:13:50-04:00   49bbbe1b3bda19110f7e72abc158bb91
templates/collection.liquid:
  development: 2018-06-08T07:13:50-04:00   c4a0532ffb42396661303a7fc87bd12d
templates/collection.list.liquid:
  development: 2018-06-08T07:13:50-04:00   a1f281a34a1926f2c6d010dbbdeee210
templates/customers/account.liquid:
  development: 2018-06-08T07:13:50-04:00   da9e3584ef6699ac5c811b73b42c58db
templates/customers/activate_account.liquid:
  development: 2018-06-08T07:13:50-04:00   d92bfce42f05a75de2f61cb6ba433e69
templates/customers/addresses.liquid:
  development: 2018-06-08T07:13:50-04:00   998f4a7deb6a33d014cbc3f0075b8050
templates/customers/login.liquid:
  development: 2018-06-08T07:13:50-04:00   e292c0a273f17c7835d558e1b61149cf
templates/customers/order.liquid:
  development: 2018-06-08T07:13:50-04:00   e3ec01e9286bf4daa7b5a3a7bbe8479c
templates/customers/register.liquid:
  development: 2018-06-08T07:13:50-04:00   77a294477ea2d6de5861f583e2a05051
templates/customers/reset_password.liquid:
  development: 2018-06-08T07:13:50-04:00   66ba7b680ca26b2eba0f162d4122d94c
templates/gift_card.liquid:
  development: 2018-06-08T07:13:50-04:00   c1ae0f8232e003fac57213d1353e513c
templates/index.liquid:
  development: 2018-06-08T07:13:50-04:00   aa449cd240994aa9787eef9d90b5b0f7
templates/list-collections.liquid:
  development: 2018-06-08T07:13:50-04:00   380da281c4820602d95334029b03aa84
templates/page.contact.liquid:
  development: 2018-06-08T07:13:50-04:00   1d694a5be30bd64695b503c2d4b928dc
templates/page.liquid:
  development: 2018-06-08T07:13:51-04:00   32faec183321b6d7d9b4197ec3e05575
templates/product.liquid:
  development: 2018-06-08T07:13:51-04:00   d28aa955b34f4dfe8819338f15981de2
templates/search.liquid:
  development: 2018-06-08T07:13:51-04:00   3926b96d4d14c2cd8409e56f7cc6d6e0
